// !$*UTF8*$!
{
	archiveVersion = 1;
	classes = {
	};
	objectVersion = 51;
	objects = {

/* Begin PBXBuildFile section */
		09C7BA6323EDA7220035B1CA /* AppDelegate.swift in Sources */ = {isa = PBXBuildFile; fileRef = 09C7BA6223EDA7220035B1CA /* AppDelegate.swift */; };
		09C7BA6523EDA7220035B1CA /* SceneDelegate.swift in Sources */ = {isa = PBXBuildFile; fileRef = 09C7BA6423EDA7220035B1CA /* SceneDelegate.swift */; };
		09C7BA6723EDA7220035B1CA /* EarthquakeListViewController.swift in Sources */ = {isa = PBXBuildFile; fileRef = 09C7BA6623EDA7220035B1CA /* EarthquakeListViewController.swift */; };
		09C7BA6A23EDA7220035B1CA /* Main.storyboard in Resources */ = {isa = PBXBuildFile; fileRef = 09C7BA6823EDA7220035B1CA /* Main.storyboard */; };
		09C7BA6C23EDA7240035B1CA /* Assets.xcassets in Resources */ = {isa = PBXBuildFile; fileRef = 09C7BA6B23EDA7240035B1CA /* Assets.xcassets */; };
		09C7BA6F23EDA7240035B1CA /* LaunchScreen.storyboard in Resources */ = {isa = PBXBuildFile; fileRef = 09C7BA6D23EDA7240035B1CA /* LaunchScreen.storyboard */; };
		09C7BA7923EDAD340035B1CA /* GeonamesAPI.swift in Sources */ = {isa = PBXBuildFile; fileRef = 09C7BA7823EDAD340035B1CA /* GeonamesAPI.swift */; };
		09C7BA7C23EDB2780035B1CA /* Earthquake.swift in Sources */ = {isa = PBXBuildFile; fileRef = 09C7BA7B23EDB2780035B1CA /* Earthquake.swift */; };
		681B5EF3033FF03B77D2F074 /* Pods_Earthquakes.framework in Frameworks */ = {isa = PBXBuildFile; fileRef = 061B41ABC8BFD227F8C67810 /* Pods_Earthquakes.framework */; };
/* End PBXBuildFile section */

/* Begin PBXFileReference section */
		061B41ABC8BFD227F8C67810 /* Pods_Earthquakes.framework */ = {isa = PBXFileReference; explicitFileType = wrapper.framework; includeInIndex = 0; path = Pods_Earthquakes.framework; sourceTree = BUILT_PRODUCTS_DIR; };
		09C7BA5F23EDA7220035B1CA /* Earthquakes.app */ = {isa = PBXFileReference; explicitFileType = wrapper.application; includeInIndex = 0; path = Earthquakes.app; sourceTree = BUILT_PRODUCTS_DIR; };
		09C7BA6223EDA7220035B1CA /* AppDelegate.swift */ = {isa = PBXFileReference; lastKnownFileType = sourcecode.swift; path = AppDelegate.swift; sourceTree = "<group>"; };
		09C7BA6423EDA7220035B1CA /* SceneDelegate.swift */ = {isa = PBXFileReference; lastKnownFileType = sourcecode.swift; path = SceneDelegate.swift; sourceTree = "<group>"; };
		09C7BA6623EDA7220035B1CA /* EarthquakeListViewController.swift */ = {isa = PBXFileReference; lastKnownFileType = sourcecode.swift; path = EarthquakeListViewController.swift; sourceTree = "<group>"; };
		09C7BA6923EDA7220035B1CA /* Base */ = {isa = PBXFileReference; lastKnownFileType = file.storyboard; name = Base; path = Base.lproj/Main.storyboard; sourceTree = "<group>"; };
		09C7BA6B23EDA7240035B1CA /* Assets.xcassets */ = {isa = PBXFileReference; lastKnownFileType = folder.assetcatalog; path = Assets.xcassets; sourceTree = "<group>"; };
		09C7BA6E23EDA7240035B1CA /* Base */ = {isa = PBXFileReference; lastKnownFileType = file.storyboard; name = Base; path = Base.lproj/LaunchScreen.storyboard; sourceTree = "<group>"; };
		09C7BA7023EDA7240035B1CA /* Info.plist */ = {isa = PBXFileReference; lastKnownFileType = text.plist.xml; path = Info.plist; sourceTree = "<group>"; };
		09C7BA7823EDAD340035B1CA /* GeonamesAPI.swift */ = {isa = PBXFileReference; lastKnownFileType = sourcecode.swift; path = GeonamesAPI.swift; sourceTree = "<group>"; };
		09C7BA7B23EDB2780035B1CA /* Earthquake.swift */ = {isa = PBXFileReference; lastKnownFileType = sourcecode.swift; path = Earthquake.swift; sourceTree = "<group>"; };
		D70B9F0EEDD486E72874AA83 /* Pods-Earthquakes.release.xcconfig */ = {isa = PBXFileReference; includeInIndex = 1; lastKnownFileType = text.xcconfig; name = "Pods-Earthquakes.release.xcconfig"; path = "Target Support Files/Pods-Earthquakes/Pods-Earthquakes.release.xcconfig"; sourceTree = "<group>"; };
		EED6AEB4D6A7EC063A05890E /* Pods-Earthquakes.debug.xcconfig */ = {isa = PBXFileReference; includeInIndex = 1; lastKnownFileType = text.xcconfig; name = "Pods-Earthquakes.debug.xcconfig"; path = "Target Support Files/Pods-Earthquakes/Pods-Earthquakes.debug.xcconfig"; sourceTree = "<group>"; };
/* End PBXFileReference section */

/* Begin PBXFrameworksBuildPhase section */
		09C7BA5C23EDA7220035B1CA /* Frameworks */ = {
			isa = PBXFrameworksBuildPhase;
			buildActionMask = 2147483647;
			files = (
				681B5EF3033FF03B77D2F074 /* Pods_Earthquakes.framework in Frameworks */,
			);
			runOnlyForDeploymentPostprocessing = 0;
		};
/* End PBXFrameworksBuildPhase section */

/* Begin PBXGroup section */
		09C7BA5623EDA7220035B1CA = {
			isa = PBXGroup;
			children = (
				09C7BA6123EDA7220035B1CA /* Earthquakes */,
				09C7BA6023EDA7220035B1CA /* Products */,
				C7F66012E06BAD4588DC3B2D /* Pods */,
				21E0D9F90DD04046E5BC3541 /* Frameworks */,
			);
			sourceTree = "<group>";
		};
		09C7BA6023EDA7220035B1CA /* Products */ = {
			isa = PBXGroup;
			children = (
				09C7BA5F23EDA7220035B1CA /* Earthquakes.app */,
			);
			name = Products;
			sourceTree = "<group>";
		};
		09C7BA6123EDA7220035B1CA /* Earthquakes */ = {
			isa = PBXGroup;
			children = (
				09C7BA7A23EDB2550035B1CA /* Models */,
				09C7BA7723EDAC0D0035B1CA /* API */,
				09C7BA6223EDA7220035B1CA /* AppDelegate.swift */,
				09C7BA6423EDA7220035B1CA /* SceneDelegate.swift */,
				09C7BA6623EDA7220035B1CA /* EarthquakeListViewController.swift */,
				09C7BA6823EDA7220035B1CA /* Main.storyboard */,
				09C7BA6B23EDA7240035B1CA /* Assets.xcassets */,
				09C7BA6D23EDA7240035B1CA /* LaunchScreen.storyboard */,
				09C7BA7023EDA7240035B1CA /* Info.plist */,
			);
			path = Earthquakes;
			sourceTree = "<group>";
		};
		09C7BA7723EDAC0D0035B1CA /* API */ = {
			isa = PBXGroup;
			children = (
				09C7BA7823EDAD340035B1CA /* GeonamesAPI.swift */,
			);
			path = API;
			sourceTree = "<group>";
		};
		09C7BA7A23EDB2550035B1CA /* Models */ = {
			isa = PBXGroup;
			children = (
				09C7BA7B23EDB2780035B1CA /* Earthquake.swift */,
			);
			path = Models;
			sourceTree = "<group>";
		};
		21E0D9F90DD04046E5BC3541 /* Frameworks */ = {
			isa = PBXGroup;
			children = (
				061B41ABC8BFD227F8C67810 /* Pods_Earthquakes.framework */,
			);
			name = Frameworks;
			sourceTree = "<group>";
		};
		C7F66012E06BAD4588DC3B2D /* Pods */ = {
			isa = PBXGroup;
			children = (
				EED6AEB4D6A7EC063A05890E /* Pods-Earthquakes.debug.xcconfig */,
				D70B9F0EEDD486E72874AA83 /* Pods-Earthquakes.release.xcconfig */,
			);
			path = Pods;
			sourceTree = "<group>";
		};
/* End PBXGroup section */

/* Begin PBXNativeTarget section */
		09C7BA5E23EDA7220035B1CA /* Earthquakes */ = {
			isa = PBXNativeTarget;
			buildConfigurationList = 09C7BA7323EDA7240035B1CA /* Build configuration list for PBXNativeTarget "Earthquakes" */;
			buildPhases = (
				FB87875FCBCD22587C138A06 /* [CP] Check Pods Manifest.lock */,
				09C7BA5B23EDA7220035B1CA /* Sources */,
				09C7BA5C23EDA7220035B1CA /* Frameworks */,
				09C7BA5D23EDA7220035B1CA /* Resources */,
				C86CF15731D7D337496A3DF1 /* [CP] Embed Pods Frameworks */,
				09C7BA7623EDAA3D0035B1CA /* SwiftLint */,
			);
			buildRules = (
			);
			dependencies = (
			);
			name = Earthquakes;
			productName = Earthquakes;
			productReference = 09C7BA5F23EDA7220035B1CA /* Earthquakes.app */;
			productType = "com.apple.product-type.application";
		};
/* End PBXNativeTarget section */

/* Begin PBXProject section */
		09C7BA5723EDA7220035B1CA /* Project object */ = {
			isa = PBXProject;
			attributes = {
				LastSwiftUpdateCheck = 1130;
				LastUpgradeCheck = 1130;
				ORGANIZATIONNAME = pronin;
				TargetAttributes = {
					09C7BA5E23EDA7220035B1CA = {
						CreatedOnToolsVersion = 11.3.1;
					};
				};
			};
			buildConfigurationList = 09C7BA5A23EDA7220035B1CA /* Build configuration list for PBXProject "Earthquakes" */;
			compatibilityVersion = "Xcode 9.3";
			developmentRegion = en;
			hasScannedForEncodings = 0;
			knownRegions = (
				en,
				Base,
			);
			mainGroup = 09C7BA5623EDA7220035B1CA;
			productRefGroup = 09C7BA6023EDA7220035B1CA /* Products */;
			projectDirPath = "";
			projectRoot = "";
			targets = (
				09C7BA5E23EDA7220035B1CA /* Earthquakes */,
			);
		};
/* End PBXProject section */

/* Begin PBXResourcesBuildPhase section */
		09C7BA5D23EDA7220035B1CA /* Resources */ = {
			isa = PBXResourcesBuildPhase;
			buildActionMask = 2147483647;
			files = (
				09C7BA6F23EDA7240035B1CA /* LaunchScreen.storyboard in Resources */,
				09C7BA6C23EDA7240035B1CA /* Assets.xcassets in Resources */,
				09C7BA6A23EDA7220035B1CA /* Main.storyboard in Resources */,
			);
			runOnlyForDeploymentPostprocessing = 0;
		};
/* End PBXResourcesBuildPhase section */

/* Begin PBXShellScriptBuildPhase section */
		09C7BA7623EDAA3D0035B1CA /* SwiftLint */ = {
			isa = PBXShellScriptBuildPhase;
			buildActionMask = 2147483647;
			files = (
			);
			inputFileListPaths = (
			);
			inputPaths = (
			);
			name = SwiftLint;
			outputFileListPaths = (
			);
			outputPaths = (
			);
			runOnlyForDeploymentPostprocessing = 0;
			shellPath = /bin/sh;
			shellScript = "\"${PODS_ROOT}/SwiftLint/swiftlint\"\n";
		};
		C86CF15731D7D337496A3DF1 /* [CP] Embed Pods Frameworks */ = {
			isa = PBXShellScriptBuildPhase;
			buildActionMask = 2147483647;
			files = (
			);
			inputFileListPaths = (
				"${PODS_ROOT}/Target Support Files/Pods-Earthquakes/Pods-Earthquakes-frameworks-${CONFIGURATION}-input-files.xcfilelist",
			);
			name = "[CP] Embed Pods Frameworks";
			outputFileListPaths = (
				"${PODS_ROOT}/Target Support Files/Pods-Earthquakes/Pods-Earthquakes-frameworks-${CONFIGURATION}-output-files.xcfilelist",
			);
			runOnlyForDeploymentPostprocessing = 0;
			shellPath = /bin/sh;
			shellScript = "\"${PODS_ROOT}/Target Support Files/Pods-Earthquakes/Pods-Earthquakes-frameworks.sh\"\n";
			showEnvVarsInLog = 0;
		};
		FB87875FCBCD22587C138A06 /* [CP] Check Pods Manifest.lock */ = {
			isa = PBXShellScriptBuildPhase;
			buildActionMask = 2147483647;
			files = (
			);
			inputFileListPaths = (
			);
			inputPaths = (
				"${PODS_PODFILE_DIR_PATH}/Podfile.lock",
				"${PODS_ROOT}/Manifest.lock",
			);
			name = "[CP] Check Pods Manifest.lock";
			outputFileListPaths = (
			);
			outputPaths = (
				"$(DERIVED_FILE_DIR)/Pods-Earthquakes-checkManifestLockResult.txt",
			);
			runOnlyForDeploymentPostprocessing = 0;
			shellPath = /bin/sh;
			shellScript = "diff \"${PODS_PODFILE_DIR_PATH}/Podfile.lock\" \"${PODS_ROOT}/Manifest.lock\" > /dev/null\nif [ $? != 0 ] ; then\n    # print error to STDERR\n    echo \"error: The sandbox is not in sync with the Podfile.lock. Run 'pod install' or update your CocoaPods installation.\" >&2\n    exit 1\nfi\n# This output is used by Xcode 'outputs' to avoid re-running this script phase.\necho \"SUCCESS\" > \"${SCRIPT_OUTPUT_FILE_0}\"\n";
			showEnvVarsInLog = 0;
		};
/* End PBXShellScriptBuildPhase section */

/* Begin PBXSourcesBuildPhase section */
		09C7BA5B23EDA7220035B1CA /* Sources */ = {
			isa = PBXSourcesBuildPhase;
			buildActionMask = 2147483647;
			files = (
				09C7BA7C23EDB2780035B1CA /* Earthquake.swift in Sources */,
				09C7BA6723EDA7220035B1CA /* EarthquakeListViewController.swift in Sources */,
				09C7BA7923EDAD340035B1CA /* GeonamesAPI.swift in Sources */,
				09C7BA6323EDA7220035B1CA /* AppDelegate.swift in Sources */,
				09C7BA6523EDA7220035B1CA /* SceneDelegate.swift in Sources */,
			);
			runOnlyForDeploymentPostprocessing = 0;
		};
/* End PBXSourcesBuildPhase section */

/* Begin PBXVariantGroup section */
		09C7BA6823EDA7220035B1CA /* Main.storyboard */ = {
			isa = PBXVariantGroup;
			children = (
				09C7BA6923EDA7220035B1CA /* Base */,
			);
			name = Main.storyboard;
			sourceTree = "<group>";
		};
		09C7BA6D23EDA7240035B1CA /* LaunchScreen.storyboard */ = {
			isa = PBXVariantGroup;
			children = (
				09C7BA6E23EDA7240035B1CA /* Base */,
			);
			name = LaunchScreen.storyboard;
			sourceTree = "<group>";
		};
/* End PBXVariantGroup section */

/* Begin XCBuildConfiguration section */
		09C7BA7123EDA7240035B1CA /* Debug */ = {
			isa = XCBuildConfiguration;
			buildSettings = {
				ALWAYS_SEARCH_USER_PATHS = NO;
				CLANG_ANALYZER_NONNULL = YES;
				CLANG_ANALYZER_NUMBER_OBJECT_CONVERSION = YES_AGGRESSIVE;
				CLANG_CXX_LANGUAGE_STANDARD = "gnu++14";
				CLANG_CXX_LIBRARY = "libc++";
				CLANG_ENABLE_MODULES = YES;
				CLANG_ENABLE_OBJC_ARC = YES;
				CLANG_ENABLE_OBJC_WEAK = YES;
				CLANG_WARN_BLOCK_CAPTURE_AUTORELEASING = YES;
				CLANG_WARN_BOOL_CONVERSION = YES;
				CLANG_WARN_COMMA = YES;
				CLANG_WARN_CONSTANT_CONVERSION = YES;
				CLANG_WARN_DEPRECATED_OBJC_IMPLEMENTATIONS = YES;
				CLANG_WARN_DIRECT_OBJC_ISA_USAGE = YES_ERROR;
				CLANG_WARN_DOCUMENTATION_COMMENTS = YES;
				CLANG_WARN_EMPTY_BODY = YES;
				CLANG_WARN_ENUM_CONVERSION = YES;
				CLANG_WARN_INFINITE_RECURSION = YES;
				CLANG_WARN_INT_CONVERSION = YES;
				CLANG_WARN_NON_LITERAL_NULL_CONVERSION = YES;
				CLANG_WARN_OBJC_IMPLICIT_RETAIN_SELF = YES;
				CLANG_WARN_OBJC_LITERAL_CONVERSION = YES;
				CLANG_WARN_OBJC_ROOT_CLASS = YES_ERROR;
				CLANG_WARN_RANGE_LOOP_ANALYSIS = YES;
				CLANG_WARN_STRICT_PROTOTYPES = YES;
				CLANG_WARN_SUSPICIOUS_MOVE = YES;
				CLANG_WARN_UNGUARDED_AVAILABILITY = YES_AGGRESSIVE;
				CLANG_WARN_UNREACHABLE_CODE = YES;
				CLANG_WARN__DUPLICATE_METHOD_MATCH = YES;
				COPY_PHASE_STRIP = NO;
				DEBUG_INFORMATION_FORMAT = dwarf;
				ENABLE_STRICT_OBJC_MSGSEND = YES;
				ENABLE_TESTABILITY = YES;
				GCC_C_LANGUAGE_STANDARD = gnu11;
				GCC_DYNAMIC_NO_PIC = NO;
				GCC_NO_COMMON_BLOCKS = YES;
				GCC_OPTIMIZATION_LEVEL = 0;
				GCC_PREPROCESSOR_DEFINITIONS = (
					"DEBUG=1",
					"$(inherited)",
				);
				GCC_WARN_64_TO_32_BIT_CONVERSION = YES;
				GCC_WARN_ABOUT_RETURN_TYPE = YES_ERROR;
				GCC_WARN_UNDECLARED_SELECTOR = YES;
				GCC_WARN_UNINITIALIZED_AUTOS = YES_AGGRESSIVE;
				GCC_WARN_UNUSED_FUNCTION = YES;
				GCC_WARN_UNUSED_VARIABLE = YES;
				IPHONEOS_DEPLOYMENT_TARGET = 13.2;
				MTL_ENABLE_DEBUG_INFO = INCLUDE_SOURCE;
				MTL_FAST_MATH = YES;
				ONLY_ACTIVE_ARCH = YES;
				SDKROOT = iphoneos;
				SWIFT_ACTIVE_COMPILATION_CONDITIONS = DEBUG;
				SWIFT_OPTIMIZATION_LEVEL = "-Onone";
			};
			name = Debug;
		};
		09C7BA7223EDA7240035B1CA /* Release */ = {
			isa = XCBuildConfiguration;
			buildSettings = {
				ALWAYS_SEARCH_USER_PATHS = NO;
				CLANG_ANALYZER_NONNULL = YES;
				CLANG_ANALYZER_NUMBER_OBJECT_CONVERSION = YES_AGGRESSIVE;
				CLANG_CXX_LANGUAGE_STANDARD = "gnu++14";
				CLANG_CXX_LIBRARY = "libc++";
				CLANG_ENABLE_MODULES = YES;
				CLANG_ENABLE_OBJC_ARC = YES;
				CLANG_ENABLE_OBJC_WEAK = YES;
				CLANG_WARN_BLOCK_CAPTURE_AUTORELEASING = YES;
				CLANG_WARN_BOOL_CONVERSION = YES;
				CLANG_WARN_COMMA = YES;
				CLANG_WARN_CONSTANT_CONVERSION = YES;
				CLANG_WARN_DEPRECATED_OBJC_IMPLEMENTATIONS = YES;
				CLANG_WARN_DIRECT_OBJC_ISA_USAGE = YES_ERROR;
				CLANG_WARN_DOCUMENTATION_COMMENTS = YES;
				CLANG_WARN_EMPTY_BODY = YES;
				CLANG_WARN_ENUM_CONVERSION = YES;
				CLANG_WARN_INFINITE_RECURSION = YES;
				CLANG_WARN_INT_CONVERSION = YES;
				CLANG_WARN_NON_LITERAL_NULL_CONVERSION = YES;
				CLANG_WARN_OBJC_IMPLICIT_RETAIN_SELF = YES;
				CLANG_WARN_OBJC_LITERAL_CONVERSION = YES;
				CLANG_WARN_OBJC_ROOT_CLASS = YES_ERROR;
				CLANG_WARN_RANGE_LOOP_ANALYSIS = YES;
				CLANG_WARN_STRICT_PROTOTYPES = YES;
				CLANG_WARN_SUSPICIOUS_MOVE = YES;
				CLANG_WARN_UNGUARDED_AVAILABILITY = YES_AGGRESSIVE;
				CLANG_WARN_UNREACHABLE_CODE = YES;
				CLANG_WARN__DUPLICATE_METHOD_MATCH = YES;
				COPY_PHASE_STRIP = NO;
				DEBUG_INFORMATION_FORMAT = "dwarf-with-dsym";
				ENABLE_NS_ASSERTIONS = NO;
				ENABLE_STRICT_OBJC_MSGSEND = YES;
				GCC_C_LANGUAGE_STANDARD = gnu11;
				GCC_NO_COMMON_BLOCKS = YES;
				GCC_WARN_64_TO_32_BIT_CONVERSION = YES;
				GCC_WARN_ABOUT_RETURN_TYPE = YES_ERROR;
				GCC_WARN_UNDECLARED_SELECTOR = YES;
				GCC_WARN_UNINITIALIZED_AUTOS = YES_AGGRESSIVE;
				GCC_WARN_UNUSED_FUNCTION = YES;
				GCC_WARN_UNUSED_VARIABLE = YES;
				IPHONEOS_DEPLOYMENT_TARGET = 13.2;
				MTL_ENABLE_DEBUG_INFO = NO;
				MTL_FAST_MATH = YES;
				SDKROOT = iphoneos;
				SWIFT_COMPILATION_MODE = wholemodule;
				SWIFT_OPTIMIZATION_LEVEL = "-O";
				VALIDATE_PRODUCT = YES;
			};
			name = Release;
		};
		09C7BA7423EDA7240035B1CA /* Debug */ = {
			isa = XCBuildConfiguration;
			baseConfigurationReference = EED6AEB4D6A7EC063A05890E /* Pods-Earthquakes.debug.xcconfig */;
			buildSettings = {
				ASSETCATALOG_COMPILER_APPICON_NAME = AppIcon;
				CODE_SIGN_STYLE = Automatic;
				DEVELOPMENT_TEAM = Q8M6V9HM9E;
				INFOPLIST_FILE = Earthquakes/Info.plist;
				LD_RUNPATH_SEARCH_PATHS = (
					"$(inherited)",
					"@executable_path/Frameworks",
				);
				PRODUCT_BUNDLE_IDENTIFIER = com.pronin.Earthquakes;
				PRODUCT_NAME = "$(TARGET_NAME)";
				SWIFT_VERSION = 5.0;
				TARGETED_DEVICE_FAMILY = "1,2";
			};
			name = Debug;
		};
		09C7BA7523EDA7240035B1CA /* Release */ = {
			isa = XCBuildConfiguration;
			baseConfigurationReference = D70B9F0EEDD486E72874AA83 /* Pods-Earthquakes.release.xcconfig */;
			buildSettings = {
				ASSETCATALOG_COMPILER_APPICON_NAME = AppIcon;
				CODE_SIGN_STYLE = Automatic;
				DEVELOPMENT_TEAM = Q8M6V9HM9E;
				INFOPLIST_FILE = Earthquakes/Info.plist;
				LD_RUNPATH_SEARCH_PATHS = (
					"$(inherited)",
					"@executable_path/Frameworks",
				);
				PRODUCT_BUNDLE_IDENTIFIER = com.pronin.Earthquakes;
				PRODUCT_NAME = "$(TARGET_NAME)";
				SWIFT_VERSION = 5.0;
				TARGETED_DEVICE_FAMILY = "1,2";
			};
			name = Release;
		};
/* End XCBuildConfiguration section */

/* Begin XCConfigurationList section */
		09C7BA5A23EDA7220035B1CA /* Build configuration list for PBXProject "Earthquakes" */ = {
			isa = XCConfigurationList;
			buildConfigurations = (
				09C7BA7123EDA7240035B1CA /* Debug */,
				09C7BA7223EDA7240035B1CA /* Release */,
			);
			defaultConfigurationIsVisible = 0;
			defaultConfigurationName = Release;
		};
		09C7BA7323EDA7240035B1CA /* Build configuration list for PBXNativeTarget "Earthquakes" */ = {
			isa = XCConfigurationList;
			buildConfigurations = (
				09C7BA7423EDA7240035B1CA /* Debug */,
				09C7BA7523EDA7240035B1CA /* Release */,
			);
			defaultConfigurationIsVisible = 0;
			defaultConfigurationName = Release;
		};
/* End XCConfigurationList section */
	};
	rootObject = 09C7BA5723EDA7220035B1CA /* Project object */;
}
